// !$*UTF8*$!
{
	archiveVersion = 1;
	classes = {
	};
	objectVersion = 56;
	objects = {

/* Begin PBXBuildFile section */
		162B67D92967935A00D5B00D /* README.md in Resources */ = {isa = PBXBuildFile; fileRef = 162B67D82967935A00D5B00D /* README.md */; };
		16672569296B09CA00982ADC /* SettingViewController.swift in Sources */ = {isa = PBXBuildFile; fileRef = 16672568296B09CA00982ADC /* SettingViewController.swift */; };
		1670543C29671ED00069F98C /* GoogleService-Info.plist in Resources */ = {isa = PBXBuildFile; fileRef = 1670543B29671ED00069F98C /* GoogleService-Info.plist */; };
		16921E3A2967114400FC8B95 /* AppDelegate.swift in Sources */ = {isa = PBXBuildFile; fileRef = 16921E392967114400FC8B95 /* AppDelegate.swift */; };
		16921E3C2967114400FC8B95 /* SceneDelegate.swift in Sources */ = {isa = PBXBuildFile; fileRef = 16921E3B2967114400FC8B95 /* SceneDelegate.swift */; };
		16921E412967114400FC8B95 /* Main.storyboard in Resources */ = {isa = PBXBuildFile; fileRef = 16921E3F2967114400FC8B95 /* Main.storyboard */; };
		16921E432967114500FC8B95 /* Assets.xcassets in Resources */ = {isa = PBXBuildFile; fileRef = 16921E422967114500FC8B95 /* Assets.xcassets */; };
		16921E462967114500FC8B95 /* LaunchScreen.storyboard in Resources */ = {isa = PBXBuildFile; fileRef = 16921E442967114500FC8B95 /* LaunchScreen.storyboard */; };
		16921E502967175300FC8B95 /* Hospital.swift in Sources */ = {isa = PBXBuildFile; fileRef = 16921E4F2967175300FC8B95 /* Hospital.swift */; };
		16921E522967177C00FC8B95 /* HospitalListViewController.swift in Sources */ = {isa = PBXBuildFile; fileRef = 16921E512967177C00FC8B95 /* HospitalListViewController.swift */; };
		16921E54296717A500FC8B95 /* HospitalDetailViewController.swift in Sources */ = {isa = PBXBuildFile; fileRef = 16921E53296717A500FC8B95 /* HospitalDetailViewController.swift */; };
		16921E572967180500FC8B95 /* HospitalListCell.swift in Sources */ = {isa = PBXBuildFile; fileRef = 16921E552967180500FC8B95 /* HospitalListCell.swift */; };
		16921E5C2967187400FC8B95 /* HospitalListCell.xib in Resources */ = {isa = PBXBuildFile; fileRef = 16921E5B2967187400FC8B95 /* HospitalListCell.xib */; };
		24033AC0ACE9F4831F379A1D /* Pods_JPNDaeguHos.framework in Frameworks */ = {isa = PBXBuildFile; fileRef = 4AFCAB29485A5E5F23688BC4 /* Pods_JPNDaeguHos.framework */; };
/* End PBXBuildFile section */

/* Begin PBXFileReference section */
		162B67D82967935A00D5B00D /* README.md */ = {isa = PBXFileReference; fileEncoding = 4; lastKnownFileType = net.daringfireball.markdown; path = README.md; sourceTree = "<group>"; };
		16672568296B09CA00982ADC /* SettingViewController.swift */ = {isa = PBXFileReference; lastKnownFileType = sourcecode.swift; path = SettingViewController.swift; sourceTree = "<group>"; };
		1670543B29671ED00069F98C /* GoogleService-Info.plist */ = {isa = PBXFileReference; fileEncoding = 4; lastKnownFileType = text.plist.xml; path = "GoogleService-Info.plist"; sourceTree = "<group>"; };
		16921E362967114400FC8B95 /* JPNDaeguHos.app */ = {isa = PBXFileReference; explicitFileType = wrapper.application; includeInIndex = 0; path = JPNDaeguHos.app; sourceTree = BUILT_PRODUCTS_DIR; };
		16921E392967114400FC8B95 /* AppDelegate.swift */ = {isa = PBXFileReference; lastKnownFileType = sourcecode.swift; path = AppDelegate.swift; sourceTree = "<group>"; };
		16921E3B2967114400FC8B95 /* SceneDelegate.swift */ = {isa = PBXFileReference; lastKnownFileType = sourcecode.swift; path = SceneDelegate.swift; sourceTree = "<group>"; };
		16921E402967114400FC8B95 /* Base */ = {isa = PBXFileReference; lastKnownFileType = file.storyboard; name = Base; path = Base.lproj/Main.storyboard; sourceTree = "<group>"; };
		16921E422967114500FC8B95 /* Assets.xcassets */ = {isa = PBXFileReference; lastKnownFileType = folder.assetcatalog; path = Assets.xcassets; sourceTree = "<group>"; };
		16921E452967114500FC8B95 /* Base */ = {isa = PBXFileReference; lastKnownFileType = file.storyboard; name = Base; path = Base.lproj/LaunchScreen.storyboard; sourceTree = "<group>"; };
		16921E472967114500FC8B95 /* Info.plist */ = {isa = PBXFileReference; lastKnownFileType = text.plist.xml; path = Info.plist; sourceTree = "<group>"; };
		16921E4F2967175300FC8B95 /* Hospital.swift */ = {isa = PBXFileReference; lastKnownFileType = sourcecode.swift; path = Hospital.swift; sourceTree = "<group>"; };
		16921E512967177C00FC8B95 /* HospitalListViewController.swift */ = {isa = PBXFileReference; lastKnownFileType = sourcecode.swift; path = HospitalListViewController.swift; sourceTree = "<group>"; };
		16921E53296717A500FC8B95 /* HospitalDetailViewController.swift */ = {isa = PBXFileReference; lastKnownFileType = sourcecode.swift; path = HospitalDetailViewController.swift; sourceTree = "<group>"; };
		16921E552967180500FC8B95 /* HospitalListCell.swift */ = {isa = PBXFileReference; lastKnownFileType = sourcecode.swift; path = HospitalListCell.swift; sourceTree = "<group>"; };
		16921E5B2967187400FC8B95 /* HospitalListCell.xib */ = {isa = PBXFileReference; fileEncoding = 4; lastKnownFileType = file.xib; path = HospitalListCell.xib; sourceTree = "<group>"; };
		4AFCAB29485A5E5F23688BC4 /* Pods_JPNDaeguHos.framework */ = {isa = PBXFileReference; explicitFileType = wrapper.framework; includeInIndex = 0; path = Pods_JPNDaeguHos.framework; sourceTree = BUILT_PRODUCTS_DIR; };
		9D403CCB347A622CD1A55CA7 /* Pods-JPNDaeguHos.release.xcconfig */ = {isa = PBXFileReference; includeInIndex = 1; lastKnownFileType = text.xcconfig; name = "Pods-JPNDaeguHos.release.xcconfig"; path = "Target Support Files/Pods-JPNDaeguHos/Pods-JPNDaeguHos.release.xcconfig"; sourceTree = "<group>"; };
		B1762021CA1F3AF83DBE14DF /* Pods-JPNDaeguHos.debug.xcconfig */ = {isa = PBXFileReference; includeInIndex = 1; lastKnownFileType = text.xcconfig; name = "Pods-JPNDaeguHos.debug.xcconfig"; path = "Target Support Files/Pods-JPNDaeguHos/Pods-JPNDaeguHos.debug.xcconfig"; sourceTree = "<group>"; };
/* End PBXFileReference section */

/* Begin PBXFrameworksBuildPhase section */
		16921E332967114400FC8B95 /* Frameworks */ = {
			isa = PBXFrameworksBuildPhase;
			buildActionMask = 2147483647;
			files = (
				24033AC0ACE9F4831F379A1D /* Pods_JPNDaeguHos.framework in Frameworks */,
			);
			runOnlyForDeploymentPostprocessing = 0;
		};
/* End PBXFrameworksBuildPhase section */

/* Begin PBXGroup section */
		12AC8C995C53B72049EBDF01 /* Pods */ = {
			isa = PBXGroup;
			children = (
				B1762021CA1F3AF83DBE14DF /* Pods-JPNDaeguHos.debug.xcconfig */,
				9D403CCB347A622CD1A55CA7 /* Pods-JPNDaeguHos.release.xcconfig */,
			);
			path = Pods;
			sourceTree = "<group>";
		};
		16921E2D2967114400FC8B95 = {
			isa = PBXGroup;
			children = (
				162B67D82967935A00D5B00D /* README.md */,
				16921E382967114400FC8B95 /* JPNDaeguHos */,
				16921E372967114400FC8B95 /* Products */,
				12AC8C995C53B72049EBDF01 /* Pods */,
				F2A9739B2E0BA23DCBF58977 /* Frameworks */,
			);
			sourceTree = "<group>";
		};
		16921E372967114400FC8B95 /* Products */ = {
			isa = PBXGroup;
			children = (
				16921E362967114400FC8B95 /* JPNDaeguHos.app */,
			);
			name = Products;
			sourceTree = "<group>";
		};
		16921E382967114400FC8B95 /* JPNDaeguHos */ = {
			isa = PBXGroup;
			children = (
				16921E392967114400FC8B95 /* AppDelegate.swift */,
				16921E3B2967114400FC8B95 /* SceneDelegate.swift */,
				16921E3F2967114400FC8B95 /* Main.storyboard */,
				16921E422967114500FC8B95 /* Assets.xcassets */,
				16921E442967114500FC8B95 /* LaunchScreen.storyboard */,
				16921E472967114500FC8B95 /* Info.plist */,
				16921E4F2967175300FC8B95 /* Hospital.swift */,
				16921E512967177C00FC8B95 /* HospitalListViewController.swift */,
				16921E53296717A500FC8B95 /* HospitalDetailViewController.swift */,
				16921E552967180500FC8B95 /* HospitalListCell.swift */,
				16921E5B2967187400FC8B95 /* HospitalListCell.xib */,
				1670543B29671ED00069F98C /* GoogleService-Info.plist */,
				16672568296B09CA00982ADC /* SettingViewController.swift */,
			);
			path = JPNDaeguHos;
			sourceTree = "<group>";
		};
		F2A9739B2E0BA23DCBF58977 /* Frameworks */ = {
			isa = PBXGroup;
			children = (
				4AFCAB29485A5E5F23688BC4 /* Pods_JPNDaeguHos.framework */,
			);
			name = Frameworks;
			sourceTree = "<group>";
		};
/* End PBXGroup section */

/* Begin PBXNativeTarget section */
		16921E352967114400FC8B95 /* JPNDaeguHos */ = {
			isa = PBXNativeTarget;
			buildConfigurationList = 16921E4A2967114500FC8B95 /* Build configuration list for PBXNativeTarget "JPNDaeguHos" */;
			buildPhases = (
				3AEC6867809DD86FAD129A42 /* [CP] Check Pods Manifest.lock */,
				16921E322967114400FC8B95 /* Sources */,
				16921E332967114400FC8B95 /* Frameworks */,
				16921E342967114400FC8B95 /* Resources */,
				407D4056F05EA62FF7DC7523 /* [CP] Embed Pods Frameworks */,
			);
			buildRules = (
			);
			dependencies = (
			);
			name = JPNDaeguHos;
			productName = JPNDaeguHos;
			productReference = 16921E362967114400FC8B95 /* JPNDaeguHos.app */;
			productType = "com.apple.product-type.application";
		};
/* End PBXNativeTarget section */

/* Begin PBXProject section */
		16921E2E2967114400FC8B95 /* Project object */ = {
			isa = PBXProject;
			attributes = {
				BuildIndependentTargetsInParallel = 1;
				LastSwiftUpdateCheck = 1420;
				LastUpgradeCheck = 1420;
				TargetAttributes = {
					16921E352967114400FC8B95 = {
						CreatedOnToolsVersion = 14.2;
					};
				};
			};
			buildConfigurationList = 16921E312967114400FC8B95 /* Build configuration list for PBXProject "JPNDaeguHos" */;
			compatibilityVersion = "Xcode 14.0";
			developmentRegion = en;
			hasScannedForEncodings = 0;
			knownRegions = (
				en,
				Base,
			);
			mainGroup = 16921E2D2967114400FC8B95;
			productRefGroup = 16921E372967114400FC8B95 /* Products */;
			projectDirPath = "";
			projectRoot = "";
			targets = (
				16921E352967114400FC8B95 /* JPNDaeguHos */,
			);
		};
/* End PBXProject section */

/* Begin PBXResourcesBuildPhase section */
		16921E342967114400FC8B95 /* Resources */ = {
			isa = PBXResourcesBuildPhase;
			buildActionMask = 2147483647;
			files = (
				162B67D92967935A00D5B00D /* README.md in Resources */,
				16921E462967114500FC8B95 /* LaunchScreen.storyboard in Resources */,
				16921E5C2967187400FC8B95 /* HospitalListCell.xib in Resources */,
				1670543C29671ED00069F98C /* GoogleService-Info.plist in Resources */,
				16921E432967114500FC8B95 /* Assets.xcassets in Resources */,
				16921E412967114400FC8B95 /* Main.storyboard in Resources */,
			);
			runOnlyForDeploymentPostprocessing = 0;
		};
/* End PBXResourcesBuildPhase section */

/* Begin PBXShellScriptBuildPhase section */
		3AEC6867809DD86FAD129A42 /* [CP] Check Pods Manifest.lock */ = {
			isa = PBXShellScriptBuildPhase;
			buildActionMask = 2147483647;
			files = (
			);
			inputFileListPaths = (
			);
			inputPaths = (
				"${PODS_PODFILE_DIR_PATH}/Podfile.lock",
				"${PODS_ROOT}/Manifest.lock",
			);
			name = "[CP] Check Pods Manifest.lock";
			outputFileListPaths = (
			);
			outputPaths = (
				"$(DERIVED_FILE_DIR)/Pods-JPNDaeguHos-checkManifestLockResult.txt",
			);
			runOnlyForDeploymentPostprocessing = 0;
			shellPath = /bin/sh;
			shellScript = "diff \"${PODS_PODFILE_DIR_PATH}/Podfile.lock\" \"${PODS_ROOT}/Manifest.lock\" > /dev/null\nif [ $? != 0 ] ; then\n    # print error to STDERR\n    echo \"error: The sandbox is not in sync with the Podfile.lock. Run 'pod install' or update your CocoaPods installation.\" >&2\n    exit 1\nfi\n# This output is used by Xcode 'outputs' to avoid re-running this script phase.\necho \"SUCCESS\" > \"${SCRIPT_OUTPUT_FILE_0}\"\n";
			showEnvVarsInLog = 0;
		};
		407D4056F05EA62FF7DC7523 /* [CP] Embed Pods Frameworks */ = {
			isa = PBXShellScriptBuildPhase;
			buildActionMask = 2147483647;
			files = (
			);
			inputFileListPaths = (
				"${PODS_ROOT}/Target Support Files/Pods-JPNDaeguHos/Pods-JPNDaeguHos-frameworks-${CONFIGURATION}-input-files.xcfilelist",
			);
			name = "[CP] Embed Pods Frameworks";
			outputFileListPaths = (
				"${PODS_ROOT}/Target Support Files/Pods-JPNDaeguHos/Pods-JPNDaeguHos-frameworks-${CONFIGURATION}-output-files.xcfilelist",
			);
			runOnlyForDeploymentPostprocessing = 0;
			shellPath = /bin/sh;
			shellScript = "\"${PODS_ROOT}/Target Support Files/Pods-JPNDaeguHos/Pods-JPNDaeguHos-frameworks.sh\"\n";
			showEnvVarsInLog = 0;
		};
/* End PBXShellScriptBuildPhase section */

/* Begin PBXSourcesBuildPhase section */
		16921E322967114400FC8B95 /* Sources */ = {
			isa = PBXSourcesBuildPhase;
			buildActionMask = 2147483647;
			files = (
				16921E522967177C00FC8B95 /* HospitalListViewController.swift in Sources */,
				16921E572967180500FC8B95 /* HospitalListCell.swift in Sources */,
				16921E3A2967114400FC8B95 /* AppDelegate.swift in Sources */,
				16921E54296717A500FC8B95 /* HospitalDetailViewController.swift in Sources */,
				16921E3C2967114400FC8B95 /* SceneDelegate.swift in Sources */,
				16672569296B09CA00982ADC /* SettingViewController.swift in Sources */,
				16921E502967175300FC8B95 /* Hospital.swift in Sources */,
			);
			runOnlyForDeploymentPostprocessing = 0;
		};
/* End PBXSourcesBuildPhase section */

/* Begin PBXVariantGroup section */
		16921E3F2967114400FC8B95 /* Main.storyboard */ = {
			isa = PBXVariantGroup;
			children = (
				16921E402967114400FC8B95 /* Base */,
			);
			name = Main.storyboard;
			sourceTree = "<group>";
		};
		16921E442967114500FC8B95 /* LaunchScreen.storyboard */ = {
			isa = PBXVariantGroup;
			children = (
				16921E452967114500FC8B95 /* Base */,
			);
			name = LaunchScreen.storyboard;
			sourceTree = "<group>";
		};
/* End PBXVariantGroup section */

/* Begin XCBuildConfiguration section */
		16921E482967114500FC8B95 /* Debug */ = {
			isa = XCBuildConfiguration;
			buildSettings = {
				ALWAYS_SEARCH_USER_PATHS = NO;
				CLANG_ANALYZER_NONNULL = YES;
				CLANG_ANALYZER_NUMBER_OBJECT_CONVERSION = YES_AGGRESSIVE;
				CLANG_CXX_LANGUAGE_STANDARD = "gnu++20";
				CLANG_ENABLE_MODULES = YES;
				CLANG_ENABLE_OBJC_ARC = YES;
				CLANG_ENABLE_OBJC_WEAK = YES;
				CLANG_WARN_BLOCK_CAPTURE_AUTORELEASING = YES;
				CLANG_WARN_BOOL_CONVERSION = YES;
				CLANG_WARN_COMMA = YES;
				CLANG_WARN_CONSTANT_CONVERSION = YES;
				CLANG_WARN_DEPRECATED_OBJC_IMPLEMENTATIONS = YES;
				CLANG_WARN_DIRECT_OBJC_ISA_USAGE = YES_ERROR;
				CLANG_WARN_DOCUMENTATION_COMMENTS = YES;
				CLANG_WARN_EMPTY_BODY = YES;
				CLANG_WARN_ENUM_CONVERSION = YES;
				CLANG_WARN_INFINITE_RECURSION = YES;
				CLANG_WARN_INT_CONVERSION = YES;
				CLANG_WARN_NON_LITERAL_NULL_CONVERSION = YES;
				CLANG_WARN_OBJC_IMPLICIT_RETAIN_SELF = YES;
				CLANG_WARN_OBJC_LITERAL_CONVERSION = YES;
				CLANG_WARN_OBJC_ROOT_CLASS = YES_ERROR;
				CLANG_WARN_QUOTED_INCLUDE_IN_FRAMEWORK_HEADER = YES;
				CLANG_WARN_RANGE_LOOP_ANALYSIS = YES;
				CLANG_WARN_STRICT_PROTOTYPES = YES;
				CLANG_WARN_SUSPICIOUS_MOVE = YES;
				CLANG_WARN_UNGUARDED_AVAILABILITY = YES_AGGRESSIVE;
				CLANG_WARN_UNREACHABLE_CODE = YES;
				CLANG_WARN__DUPLICATE_METHOD_MATCH = YES;
				COPY_PHASE_STRIP = NO;
				DEBUG_INFORMATION_FORMAT = dwarf;
				ENABLE_STRICT_OBJC_MSGSEND = YES;
				ENABLE_TESTABILITY = YES;
				GCC_C_LANGUAGE_STANDARD = gnu11;
				GCC_DYNAMIC_NO_PIC = NO;
				GCC_NO_COMMON_BLOCKS = YES;
				GCC_OPTIMIZATION_LEVEL = 0;
				GCC_PREPROCESSOR_DEFINITIONS = (
					"DEBUG=1",
					"$(inherited)",
				);
				GCC_WARN_64_TO_32_BIT_CONVERSION = YES;
				GCC_WARN_ABOUT_RETURN_TYPE = YES_ERROR;
				GCC_WARN_UNDECLARED_SELECTOR = YES;
				GCC_WARN_UNINITIALIZED_AUTOS = YES_AGGRESSIVE;
				GCC_WARN_UNUSED_FUNCTION = YES;
				GCC_WARN_UNUSED_VARIABLE = YES;
				IPHONEOS_DEPLOYMENT_TARGET = 14.1;
				MTL_ENABLE_DEBUG_INFO = INCLUDE_SOURCE;
				MTL_FAST_MATH = YES;
				ONLY_ACTIVE_ARCH = YES;
				SDKROOT = iphoneos;
				SWIFT_ACTIVE_COMPILATION_CONDITIONS = DEBUG;
				SWIFT_OPTIMIZATION_LEVEL = "-Onone";
			};
			name = Debug;
		};
		16921E492967114500FC8B95 /* Release */ = {
			isa = XCBuildConfiguration;
			buildSettings = {
				ALWAYS_SEARCH_USER_PATHS = NO;
				CLANG_ANALYZER_NONNULL = YES;
				CLANG_ANALYZER_NUMBER_OBJECT_CONVERSION = YES_AGGRESSIVE;
				CLANG_CXX_LANGUAGE_STANDARD = "gnu++20";
				CLANG_ENABLE_MODULES = YES;
				CLANG_ENABLE_OBJC_ARC = YES;
				CLANG_ENABLE_OBJC_WEAK = YES;
				CLANG_WARN_BLOCK_CAPTURE_AUTORELEASING = YES;
				CLANG_WARN_BOOL_CONVERSION = YES;
				CLANG_WARN_COMMA = YES;
				CLANG_WARN_CONSTANT_CONVERSION = YES;
				CLANG_WARN_DEPRECATED_OBJC_IMPLEMENTATIONS = YES;
				CLANG_WARN_DIRECT_OBJC_ISA_USAGE = YES_ERROR;
				CLANG_WARN_DOCUMENTATION_COMMENTS = YES;
				CLANG_WARN_EMPTY_BODY = YES;
				CLANG_WARN_ENUM_CONVERSION = YES;
				CLANG_WARN_INFINITE_RECURSION = YES;
				CLANG_WARN_INT_CONVERSION = YES;
				CLANG_WARN_NON_LITERAL_NULL_CONVERSION = YES;
				CLANG_WARN_OBJC_IMPLICIT_RETAIN_SELF = YES;
				CLANG_WARN_OBJC_LITERAL_CONVERSION = YES;
				CLANG_WARN_OBJC_ROOT_CLASS = YES_ERROR;
				CLANG_WARN_QUOTED_INCLUDE_IN_FRAMEWORK_HEADER = YES;
				CLANG_WARN_RANGE_LOOP_ANALYSIS = YES;
				CLANG_WARN_STRICT_PROTOTYPES = YES;
				CLANG_WARN_SUSPICIOUS_MOVE = YES;
				CLANG_WARN_UNGUARDED_AVAILABILITY = YES_AGGRESSIVE;
				CLANG_WARN_UNREACHABLE_CODE = YES;
				CLANG_WARN__DUPLICATE_METHOD_MATCH = YES;
				COPY_PHASE_STRIP = NO;
				DEBUG_INFORMATION_FORMAT = "dwarf-with-dsym";
				ENABLE_NS_ASSERTIONS = NO;
				ENABLE_STRICT_OBJC_MSGSEND = YES;
				GCC_C_LANGUAGE_STANDARD = gnu11;
				GCC_NO_COMMON_BLOCKS = YES;
				GCC_WARN_64_TO_32_BIT_CONVERSION = YES;
				GCC_WARN_ABOUT_RETURN_TYPE = YES_ERROR;
				GCC_WARN_UNDECLARED_SELECTOR = YES;
				GCC_WARN_UNINITIALIZED_AUTOS = YES_AGGRESSIVE;
				GCC_WARN_UNUSED_FUNCTION = YES;
				GCC_WARN_UNUSED_VARIABLE = YES;
				IPHONEOS_DEPLOYMENT_TARGET = 14.1;
				MTL_ENABLE_DEBUG_INFO = NO;
				MTL_FAST_MATH = YES;
				SDKROOT = iphoneos;
				SWIFT_COMPILATION_MODE = wholemodule;
				SWIFT_OPTIMIZATION_LEVEL = "-O";
				VALIDATE_PRODUCT = YES;
			};
			name = Release;
		};
		16921E4B2967114500FC8B95 /* Debug */ = {
			isa = XCBuildConfiguration;
			baseConfigurationReference = B1762021CA1F3AF83DBE14DF /* Pods-JPNDaeguHos.debug.xcconfig */;
			buildSettings = {
				ASSETCATALOG_COMPILER_APPICON_NAME = AppIcon;
				ASSETCATALOG_COMPILER_GLOBAL_ACCENT_COLOR_NAME = AccentColor;
				CODE_SIGN_STYLE = Automatic;
				CURRENT_PROJECT_VERSION = 3;
				DEVELOPMENT_TEAM = PG5FKL2L77;
				GENERATE_INFOPLIST_FILE = YES;
				INFOPLIST_FILE = JPNDaeguHos/Info.plist;
				INFOPLIST_KEY_CFBundleDisplayName = "병원모아";
				INFOPLIST_KEY_NSLocationAlwaysAndWhenInUseUsageDescription = "위치 권한 설정";
				INFOPLIST_KEY_NSLocationWhenInUseUsageDescription = "위치 권한 설정";
				INFOPLIST_KEY_UIApplicationSupportsIndirectInputEvents = YES;
				INFOPLIST_KEY_UILaunchStoryboardName = LaunchScreen;
				INFOPLIST_KEY_UIMainStoryboardFile = Main;
				INFOPLIST_KEY_UISupportedInterfaceOrientations = UIInterfaceOrientationPortrait;
				INFOPLIST_KEY_UISupportedInterfaceOrientations_iPad = "UIInterfaceOrientationLandscapeLeft UIInterfaceOrientationLandscapeRight UIInterfaceOrientationPortrait UIInterfaceOrientationPortraitUpsideDown";
				IPHONEOS_DEPLOYMENT_TARGET = 14.1;
				LD_RUNPATH_SEARCH_PATHS = (
					"$(inherited)",
					"@executable_path/Frameworks",
				);
				MARKETING_VERSION = 1.0;
				PRODUCT_BUNDLE_IDENTIFIER = com.hirorich.JPNDaeguHos;
				PRODUCT_NAME = "$(TARGET_NAME)";
				SUPPORTED_PLATFORMS = "iphoneos iphonesimulator";
				SUPPORTS_MACCATALYST = NO;
				SUPPORTS_MAC_DESIGNED_FOR_IPHONE_IPAD = NO;
				SWIFT_EMIT_LOC_STRINGS = YES;
				SWIFT_VERSION = 5.0;
				TARGETED_DEVICE_FAMILY = 1;
			};
			name = Debug;
		};
		16921E4C2967114500FC8B95 /* Release */ = {
			isa = XCBuildConfiguration;
			baseConfigurationReference = 9D403CCB347A622CD1A55CA7 /* Pods-JPNDaeguHos.release.xcconfig */;
			buildSettings = {
				ASSETCATALOG_COMPILER_APPICON_NAME = AppIcon;
				ASSETCATALOG_COMPILER_GLOBAL_ACCENT_COLOR_NAME = AccentColor;
				CODE_SIGN_STYLE = Automatic;
				CURRENT_PROJECT_VERSION = 3;
				DEVELOPMENT_TEAM = PG5FKL2L77;
				GENERATE_INFOPLIST_FILE = YES;
				INFOPLIST_FILE = JPNDaeguHos/Info.plist;
				INFOPLIST_KEY_CFBundleDisplayName = "병원모아";
				INFOPLIST_KEY_NSLocationAlwaysAndWhenInUseUsageDescription = "위치 권한 설정";
				INFOPLIST_KEY_NSLocationWhenInUseUsageDescription = "위치 권한 설정";
				INFOPLIST_KEY_UIApplicationSupportsIndirectInputEvents = YES;
				INFOPLIST_KEY_UILaunchStoryboardName = LaunchScreen;
				INFOPLIST_KEY_UIMainStoryboardFile = Main;
				INFOPLIST_KEY_UISupportedInterfaceOrientations = UIInterfaceOrientationPortrait;
				INFOPLIST_KEY_UISupportedInterfaceOrientations_iPad = "UIInterfaceOrientationLandscapeLeft UIInterfaceOrientationLandscapeRight UIInterfaceOrientationPortrait UIInterfaceOrientationPortraitUpsideDown";
				IPHONEOS_DEPLOYMENT_TARGET = 14.1;
				LD_RUNPATH_SEARCH_PATHS = (
					"$(inherited)",
					"@executable_path/Frameworks",
				);
				MARKETING_VERSION = 1.0;
				PRODUCT_BUNDLE_IDENTIFIER = com.hirorich.JPNDaeguHos;
				PRODUCT_NAME = "$(TARGET_NAME)";
				SUPPORTED_PLATFORMS = "iphoneos iphonesimulator";
				SUPPORTS_MACCATALYST = NO;
				SUPPORTS_MAC_DESIGNED_FOR_IPHONE_IPAD = NO;
				SWIFT_EMIT_LOC_STRINGS = YES;
				SWIFT_VERSION = 5.0;
				TARGETED_DEVICE_FAMILY = 1;
			};
			name = Release;
		};
/* End XCBuildConfiguration section */

/* Begin XCConfigurationList section */
		16921E312967114400FC8B95 /* Build configuration list for PBXProject "JPNDaeguHos" */ = {
			isa = XCConfigurationList;
			buildConfigurations = (
				16921E482967114500FC8B95 /* Debug */,
				16921E492967114500FC8B95 /* Release */,
			);
			defaultConfigurationIsVisible = 0;
			defaultConfigurationName = Release;
		};
		16921E4A2967114500FC8B95 /* Build configuration list for PBXNativeTarget "JPNDaeguHos" */ = {
			isa = XCConfigurationList;
			buildConfigurations = (
				16921E4B2967114500FC8B95 /* Debug */,
				16921E4C2967114500FC8B95 /* Release */,
			);
			defaultConfigurationIsVisible = 0;
			defaultConfigurationName = Release;
		};
/* End XCConfigurationList section */
	};
	rootObject = 16921E2E2967114400FC8B95 /* Project object */;
}
